
Microsoft Visual Studio Solution File, Format Version 12.00
# Visual Studio Version 17
VisualStudioVersion = 17.6.33723.286
MinimumVisualStudioVersion = 10.0.40219.1
Project("{FAE04EC0-301F-11D3-BF4B-00C04F79EFBC}") = "ReadZipFile", "ReadZipFile.csproj", "{39FA1CA3-5E10-427A-9FC2-F65F772EE6FA}"
EndProject
Global
	GlobalSection(SolutionConfigurationPlatforms) = preSolution
		Debug|Any CPU = Debug|Any CPU
		Release|Any CPU = Release|Any CPU
	EndGlobalSection
	GlobalSection(ProjectConfigurationPlatforms) = postSolution
		{39FA1CA3-5E10-427A-9FC2-F65F772EE6FA}.Debug|Any CPU.ActiveCfg = Debug|Any CPU
		{39FA1CA3-5E10-427A-9FC2-F65F772EE6FA}.Debug|Any CPU.Build.0 = Debug|Any CPU
		{39FA1CA3-5E10-427A-9FC2-F65F772EE6FA}.Release|Any CPU.ActiveCfg = Release|Any CPU
		{39FA1CA3-5E10-427A-9FC2-F65F772EE6FA}.Release|Any CPU.Build.0 = Release|Any CPU
	EndGlobalSection
	GlobalSection(SolutionProperties) = preSolution
		HideSolutionNode = FALSE
	EndGlobalSection
	GlobalSection(ExtensibilityGlobals) = postSolution
		SolutionGuid = {A1EC9EDC-F29A-4DD1-AF20-3C30FE076692}
	EndGlobalSection
EndGlobal
